# This file is generated by running "yarn install" inside your project.
# Manual changes might be lost - proceed with caution!

__metadata:
  version: 8
  cacheKey: 10c0

"chalk@https://github.com/Hwangtaehun/chalk":
  version: 5.6.2
  resolution: "chalk@https://github.com/Hwangtaehun/chalk.git#commit=8db5954d3404925ff3bdcf63377320cc8ddcdb82"
  checksum: 10c0/8e912d4bf27ac97227f67356b6e6cdfc9553dc832df6e761e77a89b2737b06d4342cd3db4eff5fa9564a19431c830922af2245735d32ad9e42a414cc68b8895a
  languageName: node
  linkType: hard

"test-yarn@workspace:.":
  version: 0.0.0-use.local
  resolution: "test-yarn@workspace:."
  dependencies:
    chalk: "https://github.com/Hwangtaehun/chalk"
  languageName: unknown
  linkType: soft
